{
  "name": "ThumbnailX",
  "lockfileVersion": 3,
  "requires": true,
  "packages": {
    "": {
      "dependencies": {
        "@huggingface/inference": "^4.13.25"
      }
    },
    "node_modules/@huggingface/inference": {
      "version": "4.13.25",
      "resolved": "https://registry.npmjs.org/@huggingface/inference/-/inference-4.13.25.tgz",
      "integrity": "sha512-mvInbt5NijSlH9mMT4ese3TnPWHmTUlfW7RpNN81QJNjbrYs3DntYcGY+Bd/OsdJb3ggpTsf1Bsoui7Nk0+bAw==",
      "license": "MIT",
      "dependencies": {
        "@huggingface/jinja": "^0.5.9",
        "@huggingface/tasks": "^0.21.33"
      },
      "engines": {
        "node": ">=18"
      }
    },
    "node_modules/@huggingface/jinja": {
      "version": "0.5.9",
      "resolved": "https://registry.npmjs.org/@huggingface/jinja/-/jinja-0.5.9.tgz",
      "integrity": "sha512-uWTG+l3VJRsl7EXxYizuL3P+cCPoc3cRqbWWRcQN0FhejRfbdq0RNhCmbY/YDtnTcz9icdLYuLDjsnz4d8JMuw==",
      "license": "MIT",
      "engines": {
        "node": ">=18"
      }
    },
    "node_modules/@huggingface/tasks": {
      "version": "0.21.33",
      "resolved": "https://registry.npmjs.org/@huggingface/tasks/-/tasks-0.21.33.tgz",
      "integrity": "sha512-efQa8g+WjPwzlwk7Wl4eDgbM1Jq+WooUw/b1+eKl2LVUdPMhnbwsFNMJJxhEywaLJvJBy93+jjna6855U9GePw==",
      "license": "MIT"
    }
  }
}
